
Microsoft Visual Studio Solution File, Format Version 12.00
# Visual Studio Version 17
VisualStudioVersion = 17.8.34525.116
MinimumVisualStudioVersion = 10.0.40219.1
Project("{FAE04EC0-301F-11D3-BF4B-00C04F79EFBC}") = "AlpineSkiHouse", "AlpineSkiHouse\AlpineSkiHouse.csproj", "{EBB5B662-B5FC-470C-B813-66A5F3AACDB5}"
EndProject
Global
	GlobalSection(SolutionConfigurationPlatforms) = preSolution
		Debug|Any CPU = Debug|Any CPU
		Release|Any CPU = Release|Any CPU
	EndGlobalSection
	GlobalSection(ProjectConfigurationPlatforms) = postSolution
		{EBB5B662-B5FC-470C-B813-66A5F3AACDB5}.Debug|Any CPU.ActiveCfg = Debug|Any CPU
		{EBB5B662-B5FC-470C-B813-66A5F3AACDB5}.Debug|Any CPU.Build.0 = Debug|Any CPU
		{EBB5B662-B5FC-470C-B813-66A5F3AACDB5}.Release|Any CPU.ActiveCfg = Release|Any CPU
		{EBB5B662-B5FC-470C-B813-66A5F3AACDB5}.Release|Any CPU.Build.0 = Release|Any CPU
	EndGlobalSection
	GlobalSection(SolutionProperties) = preSolution
		HideSolutionNode = FALSE
	EndGlobalSection
	GlobalSection(ExtensibilityGlobals) = postSolution
		SolutionGuid = {06101364-F7C9-444D-976F-4F6CB9BBA606}
	EndGlobalSection
EndGlobal
